// !$*UTF8*$!
{
	archiveVersion = 1;
	classes = {
	};
	objectVersion = 50;
	objects = {

/* Begin PBXBuildFile section */
		253E8EF822ADB5E900E7B71C /* AppDelegate.swift in Sources */ = {isa = PBXBuildFile; fileRef = 253E8EF722ADB5E900E7B71C /* AppDelegate.swift */; };
		253E8EFA22ADB5E900E7B71C /* SceneDelegate.swift in Sources */ = {isa = PBXBuildFile; fileRef = 253E8EF922ADB5E900E7B71C /* SceneDelegate.swift */; };
		253E8EFE22ADB5EB00E7B71C /* Assets.xcassets in Resources */ = {isa = PBXBuildFile; fileRef = 253E8EFD22ADB5EB00E7B71C /* Assets.xcassets */; };
		253E8F0122ADB5EC00E7B71C /* Preview Assets.xcassets in Resources */ = {isa = PBXBuildFile; fileRef = 253E8F0022ADB5EC00E7B71C /* Preview Assets.xcassets */; };
		253E8F0422ADB5EC00E7B71C /* LaunchScreen.storyboard in Resources */ = {isa = PBXBuildFile; fileRef = 253E8F0222ADB5EC00E7B71C /* LaunchScreen.storyboard */; };
		253E8F0D22ADB63600E7B71C /* APIService.swift in Sources */ = {isa = PBXBuildFile; fileRef = 253E8F0C22ADB63600E7B71C /* APIService.swift */; };
		253E8F1022ADBDAA00E7B71C /* Repository.swift in Sources */ = {isa = PBXBuildFile; fileRef = 253E8F0F22ADBDAA00E7B71C /* Repository.swift */; };
		253E8F1222ADBDC400E7B71C /* RepositoriesViewModel.swift in Sources */ = {isa = PBXBuildFile; fileRef = 253E8F1122ADBDC400E7B71C /* RepositoriesViewModel.swift */; };
		253E8F1522ADBFDC00E7B71C /* RepositoryListView.swift in Sources */ = {isa = PBXBuildFile; fileRef = 253E8F1422ADBFDC00E7B71C /* RepositoryListView.swift */; };
		253E8F1722ADBFE600E7B71C /* RepositoryView.swift in Sources */ = {isa = PBXBuildFile; fileRef = 253E8F1622ADBFE600E7B71C /* RepositoryView.swift */; };
		25D02FE022ADDF3D00DDFEF7 /* URLSession+Publisher.swift in Sources */ = {isa = PBXBuildFile; fileRef = 25D02FDF22ADDF3D00DDFEF7 /* URLSession+Publisher.swift */; };
/* End PBXBuildFile section */

/* Begin PBXFileReference section */
		253E8EF422ADB5E900E7B71C /* SwiftUINetworking.app */ = {isa = PBXFileReference; explicitFileType = wrapper.application; includeInIndex = 0; path = SwiftUINetworking.app; sourceTree = BUILT_PRODUCTS_DIR; };
		253E8EF722ADB5E900E7B71C /* AppDelegate.swift */ = {isa = PBXFileReference; lastKnownFileType = sourcecode.swift; path = AppDelegate.swift; sourceTree = "<group>"; };
		253E8EF922ADB5E900E7B71C /* SceneDelegate.swift */ = {isa = PBXFileReference; lastKnownFileType = sourcecode.swift; path = SceneDelegate.swift; sourceTree = "<group>"; };
		253E8EFD22ADB5EB00E7B71C /* Assets.xcassets */ = {isa = PBXFileReference; lastKnownFileType = folder.assetcatalog; path = Assets.xcassets; sourceTree = "<group>"; };
		253E8F0022ADB5EC00E7B71C /* Preview Assets.xcassets */ = {isa = PBXFileReference; lastKnownFileType = folder.assetcatalog; path = "Preview Assets.xcassets"; sourceTree = "<group>"; };
		253E8F0322ADB5EC00E7B71C /* Base */ = {isa = PBXFileReference; lastKnownFileType = file.storyboard; name = Base; path = Base.lproj/LaunchScreen.storyboard; sourceTree = "<group>"; };
		253E8F0522ADB5EC00E7B71C /* Info.plist */ = {isa = PBXFileReference; lastKnownFileType = text.plist.xml; path = Info.plist; sourceTree = "<group>"; };
		253E8F0C22ADB63600E7B71C /* APIService.swift */ = {isa = PBXFileReference; lastKnownFileType = sourcecode.swift; path = APIService.swift; sourceTree = "<group>"; };
		253E8F0F22ADBDAA00E7B71C /* Repository.swift */ = {isa = PBXFileReference; lastKnownFileType = sourcecode.swift; path = Repository.swift; sourceTree = "<group>"; };
		253E8F1122ADBDC400E7B71C /* RepositoriesViewModel.swift */ = {isa = PBXFileReference; lastKnownFileType = sourcecode.swift; path = RepositoriesViewModel.swift; sourceTree = "<group>"; };
		253E8F1422ADBFDC00E7B71C /* RepositoryListView.swift */ = {isa = PBXFileReference; lastKnownFileType = sourcecode.swift; path = RepositoryListView.swift; sourceTree = "<group>"; };
		253E8F1622ADBFE600E7B71C /* RepositoryView.swift */ = {isa = PBXFileReference; lastKnownFileType = sourcecode.swift; path = RepositoryView.swift; sourceTree = "<group>"; };
		25D02FDF22ADDF3D00DDFEF7 /* URLSession+Publisher.swift */ = {isa = PBXFileReference; lastKnownFileType = sourcecode.swift; path = "URLSession+Publisher.swift"; sourceTree = "<group>"; };
/* End PBXFileReference section */

/* Begin PBXFrameworksBuildPhase section */
		253E8EF122ADB5E900E7B71C /* Frameworks */ = {
			isa = PBXFrameworksBuildPhase;
			buildActionMask = 2147483647;
			files = (
			);
			runOnlyForDeploymentPostprocessing = 0;
		};
/* End PBXFrameworksBuildPhase section */

/* Begin PBXGroup section */
		253E8EEB22ADB5E900E7B71C = {
			isa = PBXGroup;
			children = (
				253E8EF622ADB5E900E7B71C /* SwiftUINetworking */,
				253E8EF522ADB5E900E7B71C /* Products */,
			);
			sourceTree = "<group>";
		};
		253E8EF522ADB5E900E7B71C /* Products */ = {
			isa = PBXGroup;
			children = (
				253E8EF422ADB5E900E7B71C /* SwiftUINetworking.app */,
			);
			name = Products;
			sourceTree = "<group>";
		};
		253E8EF622ADB5E900E7B71C /* SwiftUINetworking */ = {
			isa = PBXGroup;
			children = (
				25D02FDE22ADDF2D00DDFEF7 /* Extensions */,
				253E8F1322ADBFC900E7B71C /* Views */,
				253E8F0E22ADBD9A00E7B71C /* Models */,
				253E8F0B22ADB62600E7B71C /* API */,
				253E8EF722ADB5E900E7B71C /* AppDelegate.swift */,
				253E8EF922ADB5E900E7B71C /* SceneDelegate.swift */,
				253E8EFD22ADB5EB00E7B71C /* Assets.xcassets */,
				253E8F0222ADB5EC00E7B71C /* LaunchScreen.storyboard */,
				253E8F0522ADB5EC00E7B71C /* Info.plist */,
				253E8EFF22ADB5EC00E7B71C /* Preview Content */,
			);
			path = SwiftUINetworking;
			sourceTree = "<group>";
		};
		253E8EFF22ADB5EC00E7B71C /* Preview Content */ = {
			isa = PBXGroup;
			children = (
				253E8F0022ADB5EC00E7B71C /* Preview Assets.xcassets */,
			);
			path = "Preview Content";
			sourceTree = "<group>";
		};
		253E8F0B22ADB62600E7B71C /* API */ = {
			isa = PBXGroup;
			children = (
				253E8F0C22ADB63600E7B71C /* APIService.swift */,
			);
			path = API;
			sourceTree = "<group>";
		};
		253E8F0E22ADBD9A00E7B71C /* Models */ = {
			isa = PBXGroup;
			children = (
				253E8F0F22ADBDAA00E7B71C /* Repository.swift */,
				253E8F1122ADBDC400E7B71C /* RepositoriesViewModel.swift */,
			);
			path = Models;
			sourceTree = "<group>";
		};
		253E8F1322ADBFC900E7B71C /* Views */ = {
			isa = PBXGroup;
			children = (
				253E8F1422ADBFDC00E7B71C /* RepositoryListView.swift */,
				253E8F1622ADBFE600E7B71C /* RepositoryView.swift */,
			);
			path = Views;
			sourceTree = "<group>";
		};
		25D02FDE22ADDF2D00DDFEF7 /* Extensions */ = {
			isa = PBXGroup;
			children = (
				25D02FDF22ADDF3D00DDFEF7 /* URLSession+Publisher.swift */,
			);
			path = Extensions;
			sourceTree = "<group>";
		};
/* End PBXGroup section */

/* Begin PBXNativeTarget section */
		253E8EF322ADB5E900E7B71C /* SwiftUINetworking */ = {
			isa = PBXNativeTarget;
			buildConfigurationList = 253E8F0822ADB5EC00E7B71C /* Build configuration list for PBXNativeTarget "SwiftUINetworking" */;
			buildPhases = (
				253E8EF022ADB5E900E7B71C /* Sources */,
				253E8EF122ADB5E900E7B71C /* Frameworks */,
				253E8EF222ADB5E900E7B71C /* Resources */,
			);
			buildRules = (
			);
			dependencies = (
			);
			name = SwiftUINetworking;
			productName = SwiftUINetworking;
			productReference = 253E8EF422ADB5E900E7B71C /* SwiftUINetworking.app */;
			productType = "com.apple.product-type.application";
		};
/* End PBXNativeTarget section */

/* Begin PBXProject section */
		253E8EEC22ADB5E900E7B71C /* Project object */ = {
			isa = PBXProject;
			attributes = {
				LastSwiftUpdateCheck = 1100;
				LastUpgradeCheck = 1100;
				ORGANIZATIONNAME = "Kyle Blazier";
				TargetAttributes = {
					253E8EF322ADB5E900E7B71C = {
						CreatedOnToolsVersion = 11.0;
					};
				};
			};
			buildConfigurationList = 253E8EEF22ADB5E900E7B71C /* Build configuration list for PBXProject "SwiftUINetworking" */;
			compatibilityVersion = "Xcode 9.3";
			developmentRegion = en;
			hasScannedForEncodings = 0;
			knownRegions = (
				en,
				Base,
			);
			mainGroup = 253E8EEB22ADB5E900E7B71C;
			productRefGroup = 253E8EF522ADB5E900E7B71C /* Products */;
			projectDirPath = "";
			projectRoot = "";
			targets = (
				253E8EF322ADB5E900E7B71C /* SwiftUINetworking */,
			);
		};
/* End PBXProject section */

/* Begin PBXResourcesBuildPhase section */
		253E8EF222ADB5E900E7B71C /* Resources */ = {
			isa = PBXResourcesBuildPhase;
			buildActionMask = 2147483647;
			files = (
				253E8F0422ADB5EC00E7B71C /* LaunchScreen.storyboard in Resources */,
				253E8F0122ADB5EC00E7B71C /* Preview Assets.xcassets in Resources */,
				253E8EFE22ADB5EB00E7B71C /* Assets.xcassets in Resources */,
			);
			runOnlyForDeploymentPostprocessing = 0;
		};
/* End PBXResourcesBuildPhase section */

/* Begin PBXSourcesBuildPhase section */
		253E8EF022ADB5E900E7B71C /* Sources */ = {
			isa = PBXSourcesBuildPhase;
			buildActionMask = 2147483647;
			files = (
				25D02FE022ADDF3D00DDFEF7 /* URLSession+Publisher.swift in Sources */,
				253E8EF822ADB5E900E7B71C /* AppDelegate.swift in Sources */,
				253E8EFA22ADB5E900E7B71C /* SceneDelegate.swift in Sources */,
				253E8F1722ADBFE600E7B71C /* RepositoryView.swift in Sources */,
				253E8F1522ADBFDC00E7B71C /* RepositoryListView.swift in Sources */,
				253E8F1022ADBDAA00E7B71C /* Repository.swift in Sources */,
				253E8F0D22ADB63600E7B71C /* APIService.swift in Sources */,
				253E8F1222ADBDC400E7B71C /* RepositoriesViewModel.swift in Sources */,
			);
			runOnlyForDeploymentPostprocessing = 0;
		};
/* End PBXSourcesBuildPhase section */

/* Begin PBXVariantGroup section */
		253E8F0222ADB5EC00E7B71C /* LaunchScreen.storyboard */ = {
			isa = PBXVariantGroup;
			children = (
				253E8F0322ADB5EC00E7B71C /* Base */,
			);
			name = LaunchScreen.storyboard;
			sourceTree = "<group>";
		};
/* End PBXVariantGroup section */

/* Begin XCBuildConfiguration section */
		253E8F0622ADB5EC00E7B71C /* Debug */ = {
			isa = XCBuildConfiguration;
			buildSettings = {
				ALWAYS_SEARCH_USER_PATHS = NO;
				CLANG_ANALYZER_NONNULL = YES;
				CLANG_ANALYZER_NUMBER_OBJECT_CONVERSION = YES_AGGRESSIVE;
				CLANG_CXX_LANGUAGE_STANDARD = "gnu++14";
				CLANG_CXX_LIBRARY = "libc++";
				CLANG_ENABLE_MODULES = YES;
				CLANG_ENABLE_OBJC_ARC = YES;
				CLANG_ENABLE_OBJC_WEAK = YES;
				CLANG_WARN_BLOCK_CAPTURE_AUTORELEASING = YES;
				CLANG_WARN_BOOL_CONVERSION = YES;
				CLANG_WARN_COMMA = YES;
				CLANG_WARN_CONSTANT_CONVERSION = YES;
				CLANG_WARN_DEPRECATED_OBJC_IMPLEMENTATIONS = YES;
				CLANG_WARN_DIRECT_OBJC_ISA_USAGE = YES_ERROR;
				CLANG_WARN_DOCUMENTATION_COMMENTS = YES;
				CLANG_WARN_EMPTY_BODY = YES;
				CLANG_WARN_ENUM_CONVERSION = YES;
				CLANG_WARN_INFINITE_RECURSION = YES;
				CLANG_WARN_INT_CONVERSION = YES;
				CLANG_WARN_NON_LITERAL_NULL_CONVERSION = YES;
				CLANG_WARN_OBJC_IMPLICIT_RETAIN_SELF = YES;
				CLANG_WARN_OBJC_LITERAL_CONVERSION = YES;
				CLANG_WARN_OBJC_ROOT_CLASS = YES_ERROR;
				CLANG_WARN_RANGE_LOOP_ANALYSIS = YES;
				CLANG_WARN_STRICT_PROTOTYPES = YES;
				CLANG_WARN_SUSPICIOUS_MOVE = YES;
				CLANG_WARN_UNGUARDED_AVAILABILITY = YES_AGGRESSIVE;
				CLANG_WARN_UNREACHABLE_CODE = YES;
				CLANG_WARN__DUPLICATE_METHOD_MATCH = YES;
				COPY_PHASE_STRIP = NO;
				DEBUG_INFORMATION_FORMAT = dwarf;
				ENABLE_STRICT_OBJC_MSGSEND = YES;
				ENABLE_TESTABILITY = YES;
				GCC_C_LANGUAGE_STANDARD = gnu11;
				GCC_DYNAMIC_NO_PIC = NO;
				GCC_NO_COMMON_BLOCKS = YES;
				GCC_OPTIMIZATION_LEVEL = 0;
				GCC_PREPROCESSOR_DEFINITIONS = (
					"DEBUG=1",
					"$(inherited)",
				);
				GCC_WARN_64_TO_32_BIT_CONVERSION = YES;
				GCC_WARN_ABOUT_RETURN_TYPE = YES_ERROR;
				GCC_WARN_UNDECLARED_SELECTOR = YES;
				GCC_WARN_UNINITIALIZED_AUTOS = YES_AGGRESSIVE;
				GCC_WARN_UNUSED_FUNCTION = YES;
				GCC_WARN_UNUSED_VARIABLE = YES;
				IPHONEOS_DEPLOYMENT_TARGET = 13.0;
				MTL_ENABLE_DEBUG_INFO = INCLUDE_SOURCE;
				MTL_FAST_MATH = YES;
				ONLY_ACTIVE_ARCH = YES;
				SDKROOT = iphoneos;
				SWIFT_ACTIVE_COMPILATION_CONDITIONS = DEBUG;
				SWIFT_OPTIMIZATION_LEVEL = "-Onone";
			};
			name = Debug;
		};
		253E8F0722ADB5EC00E7B71C /* Release */ = {
			isa = XCBuildConfiguration;
			buildSettings = {
				ALWAYS_SEARCH_USER_PATHS = NO;
				CLANG_ANALYZER_NONNULL = YES;
				CLANG_ANALYZER_NUMBER_OBJECT_CONVERSION = YES_AGGRESSIVE;
				CLANG_CXX_LANGUAGE_STANDARD = "gnu++14";
				CLANG_CXX_LIBRARY = "libc++";
				CLANG_ENABLE_MODULES = YES;
				CLANG_ENABLE_OBJC_ARC = YES;
				CLANG_ENABLE_OBJC_WEAK = YES;
				CLANG_WARN_BLOCK_CAPTURE_AUTORELEASING = YES;
				CLANG_WARN_BOOL_CONVERSION = YES;
				CLANG_WARN_COMMA = YES;
				CLANG_WARN_CONSTANT_CONVERSION = YES;
				CLANG_WARN_DEPRECATED_OBJC_IMPLEMENTATIONS = YES;
				CLANG_WARN_DIRECT_OBJC_ISA_USAGE = YES_ERROR;
				CLANG_WARN_DOCUMENTATION_COMMENTS = YES;
				CLANG_WARN_EMPTY_BODY = YES;
				CLANG_WARN_ENUM_CONVERSION = YES;
				CLANG_WARN_INFINITE_RECURSION = YES;
				CLANG_WARN_INT_CONVERSION = YES;
				CLANG_WARN_NON_LITERAL_NULL_CONVERSION = YES;
				CLANG_WARN_OBJC_IMPLICIT_RETAIN_SELF = YES;
				CLANG_WARN_OBJC_LITERAL_CONVERSION = YES;
				CLANG_WARN_OBJC_ROOT_CLASS = YES_ERROR;
				CLANG_WARN_RANGE_LOOP_ANALYSIS = YES;
				CLANG_WARN_STRICT_PROTOTYPES = YES;
				CLANG_WARN_SUSPICIOUS_MOVE = YES;
				CLANG_WARN_UNGUARDED_AVAILABILITY = YES_AGGRESSIVE;
				CLANG_WARN_UNREACHABLE_CODE = YES;
				CLANG_WARN__DUPLICATE_METHOD_MATCH = YES;
				COPY_PHASE_STRIP = NO;
				DEBUG_INFORMATION_FORMAT = "dwarf-with-dsym";
				ENABLE_NS_ASSERTIONS = NO;
				ENABLE_STRICT_OBJC_MSGSEND = YES;
				GCC_C_LANGUAGE_STANDARD = gnu11;
				GCC_NO_COMMON_BLOCKS = YES;
				GCC_WARN_64_TO_32_BIT_CONVERSION = YES;
				GCC_WARN_ABOUT_RETURN_TYPE = YES_ERROR;
				GCC_WARN_UNDECLARED_SELECTOR = YES;
				GCC_WARN_UNINITIALIZED_AUTOS = YES_AGGRESSIVE;
				GCC_WARN_UNUSED_FUNCTION = YES;
				GCC_WARN_UNUSED_VARIABLE = YES;
				IPHONEOS_DEPLOYMENT_TARGET = 13.0;
				MTL_ENABLE_DEBUG_INFO = NO;
				MTL_FAST_MATH = YES;
				SDKROOT = iphoneos;
				SWIFT_COMPILATION_MODE = wholemodule;
				SWIFT_OPTIMIZATION_LEVEL = "-O";
				VALIDATE_PRODUCT = YES;
			};
			name = Release;
		};
		253E8F0922ADB5EC00E7B71C /* Debug */ = {
			isa = XCBuildConfiguration;
			buildSettings = {
				ASSETCATALOG_COMPILER_APPICON_NAME = AppIcon;
				CODE_SIGN_STYLE = Automatic;
				DEVELOPMENT_ASSET_PATHS = "SwiftUINetworking/Preview\\ Content";
				ENABLE_PREVIEWS = YES;
				INFOPLIST_FILE = SwiftUINetworking/Info.plist;
				LD_RUNPATH_SEARCH_PATHS = (
					"$(inherited)",
					"@executable_path/Frameworks",
				);
				PRODUCT_BUNDLE_IDENTIFIER = kyleblazier.SwiftUINetworking;
				PRODUCT_NAME = "$(TARGET_NAME)";
				SWIFT_VERSION = 5.0;
				TARGETED_DEVICE_FAMILY = "1,2";
			};
			name = Debug;
		};
		253E8F0A22ADB5EC00E7B71C /* Release */ = {
			isa = XCBuildConfiguration;
			buildSettings = {
				ASSETCATALOG_COMPILER_APPICON_NAME = AppIcon;
				CODE_SIGN_STYLE = Automatic;
				DEVELOPMENT_ASSET_PATHS = "SwiftUINetworking/Preview\\ Content";
				ENABLE_PREVIEWS = YES;
				INFOPLIST_FILE = SwiftUINetworking/Info.plist;
				LD_RUNPATH_SEARCH_PATHS = (
					"$(inherited)",
					"@executable_path/Frameworks",
				);
				PRODUCT_BUNDLE_IDENTIFIER = kyleblazier.SwiftUINetworking;
				PRODUCT_NAME = "$(TARGET_NAME)";
				SWIFT_VERSION = 5.0;
				TARGETED_DEVICE_FAMILY = "1,2";
			};
			name = Release;
		};
/* End XCBuildConfiguration section */

/* Begin XCConfigurationList section */
		253E8EEF22ADB5E900E7B71C /* Build configuration list for PBXProject "SwiftUINetworking" */ = {
			isa = XCConfigurationList;
			buildConfigurations = (
				253E8F0622ADB5EC00E7B71C /* Debug */,
				253E8F0722ADB5EC00E7B71C /* Release */,
			);
			defaultConfigurationIsVisible = 0;
			defaultConfigurationName = Release;
		};
		253E8F0822ADB5EC00E7B71C /* Build configuration list for PBXNativeTarget "SwiftUINetworking" */ = {
			isa = XCConfigurationList;
			buildConfigurations = (
				253E8F0922ADB5EC00E7B71C /* Debug */,
				253E8F0A22ADB5EC00E7B71C /* Release */,
			);
			defaultConfigurationIsVisible = 0;
			defaultConfigurationName = Release;
		};
/* End XCConfigurationList section */
	};
	rootObject = 253E8EEC22ADB5E900E7B71C /* Project object */;
}
